<?xml version="1.0" encoding="utf-8"?>
<Project ToolsVersion="4.0" xmlns="http://schemas.microsoft.com/developer/msbuild/2003">
  <ItemGroup>
    <Filter Include="Source Files">
      <UniqueIdentifier>{95820f12-e520-4568-b86b-55973bb11cca}</UniqueIdentifier>
      <Extensions>*.c</Extensions>
    </Filter>
    <Filter Include="Header Files">
      <UniqueIdentifier>{e56a1cd3-bf82-4d58-8815-28ae1d97d989}</UniqueIdentifier>
    </Filter>
  </ItemGroup>
  <ItemGroup>
    <ClCompile Include="..\main.c">
      <Filter>Source Files</Filter>
    </ClCompile>
  </ItemGroup>
  <ItemGroup>
    <ClInclude Include="..\build.h">
      <Filter>Header Files</Filter>
    </ClInclude>
    <ClInclude Include="..\libroomsim\include\defs.h">
      <Filter>Header Files</Filter>
    </ClInclude>
    <ClInclude Include="..\libroomsim\include\dsp.h">
      <Filter>Header Files</Filter>
    </ClInclude>
    <ClInclude Include="..\libroomsim\include\interface.h">
      <Filter>Header Files</Filter>
    </ClInclude>
    <ClInclude Include="..\libroomsim\include\interp.h">
      <Filter>Header Files</Filter>
    </ClInclude>
    <ClInclude Include="..\libroomsim.h">
      <Filter>Header Files</Filter>
    </ClInclude>
    <ClInclude Include="..\libroomsim\include\msg.h">
      <Filter>Header Files</Filter>
    </ClInclude>
    <ClInclude Include="..\libroomsim\include\mstruct.h">
      <Filter>Header Files</Filter>
    </ClInclude>
    <ClInclude Include="..\libroomsim\include\setup.h">
      <Filter>Header Files</Filter>
    </ClInclude>
  </ItemGroup>
</Project>