
Microsoft Visual Studio Solution File, Format Version 12.00
# Visual Studio 15
VisualStudioVersion = 15.0.28307.539
MinimumVisualStudioVersion = 10.0.40219.1
Project("{8BC9CEB8-8B4A-11D0-8D11-00A0C91BC942}") = "libroomsim", "libroomsim.vcxproj", "{29FF6DF5-D9D0-4C94-A089-7BB4E5EBDCCB}"
	ProjectSection(ProjectDependencies) = postProject
		{6DD0C7A7-6B51-48C6-8D62-E71C59A5BAA3} = {6DD0C7A7-6B51-48C6-8D62-E71C59A5BAA3}
	EndProjectSection
EndProject
Project("{8BC9CEB8-8B4A-11D0-8D11-00A0C91BC942}") = "libsfmt", "libsfmt.vcxproj", "{6DD0C7A7-6B51-48C6-8D62-E71C59A5BAA3}"
EndProject
Project("{8BC9CEB8-8B4A-11D0-8D11-00A0C91BC942}") = "roomsim", "roomsim.vcxproj", "{EC547451-246C-4FD6-BDA0-DDED89B93886}"
	ProjectSection(ProjectDependencies) = postProject
		{6DD0C7A7-6B51-48C6-8D62-E71C59A5BAA3} = {6DD0C7A7-6B51-48C6-8D62-E71C59A5BAA3}
	EndProjectSection
EndProject
Global
	GlobalSection(SolutionConfigurationPlatforms) = preSolution
		Debug|Win32 = Debug|Win32
		Debug|x64 = Debug|x64
		Release|Win32 = Release|Win32
		Release|x64 = Release|x64
		Unittest|Win32 = Unittest|Win32
		Unittest|x64 = Unittest|x64
	EndGlobalSection
	GlobalSection(ProjectConfigurationPlatforms) = postSolution
		{29FF6DF5-D9D0-4C94-A089-7BB4E5EBDCCB}.Debug|Win32.ActiveCfg = Debug|Win32
		{29FF6DF5-D9D0-4C94-A089-7BB4E5EBDCCB}.Debug|Win32.Build.0 = Debug|Win32
		{29FF6DF5-D9D0-4C94-A089-7BB4E5EBDCCB}.Debug|x64.ActiveCfg = Debug|x64
		{29FF6DF5-D9D0-4C94-A089-7BB4E5EBDCCB}.Debug|x64.Build.0 = Debug|x64
		{29FF6DF5-D9D0-4C94-A089-7BB4E5EBDCCB}.Release|Win32.ActiveCfg = Release|Win32
		{29FF6DF5-D9D0-4C94-A089-7BB4E5EBDCCB}.Release|Win32.Build.0 = Release|Win32
		{29FF6DF5-D9D0-4C94-A089-7BB4E5EBDCCB}.Release|x64.ActiveCfg = Release|x64
		{29FF6DF5-D9D0-4C94-A089-7BB4E5EBDCCB}.Release|x64.Build.0 = Release|x64
		{29FF6DF5-D9D0-4C94-A089-7BB4E5EBDCCB}.Unittest|Win32.ActiveCfg = Unittest|Win32
		{29FF6DF5-D9D0-4C94-A089-7BB4E5EBDCCB}.Unittest|Win32.Build.0 = Unittest|Win32
		{29FF6DF5-D9D0-4C94-A089-7BB4E5EBDCCB}.Unittest|x64.ActiveCfg = Unittest|x64
		{29FF6DF5-D9D0-4C94-A089-7BB4E5EBDCCB}.Unittest|x64.Build.0 = Unittest|x64
		{6DD0C7A7-6B51-48C6-8D62-E71C59A5BAA3}.Debug|Win32.ActiveCfg = Debug|Win32
		{6DD0C7A7-6B51-48C6-8D62-E71C59A5BAA3}.Debug|Win32.Build.0 = Debug|Win32
		{6DD0C7A7-6B51-48C6-8D62-E71C59A5BAA3}.Debug|x64.ActiveCfg = Debug|x64
		{6DD0C7A7-6B51-48C6-8D62-E71C59A5BAA3}.Debug|x64.Build.0 = Debug|x64
		{6DD0C7A7-6B51-48C6-8D62-E71C59A5BAA3}.Release|Win32.ActiveCfg = Release|Win32
		{6DD0C7A7-6B51-48C6-8D62-E71C59A5BAA3}.Release|Win32.Build.0 = Release|Win32
		{6DD0C7A7-6B51-48C6-8D62-E71C59A5BAA3}.Release|x64.ActiveCfg = Release|x64
		{6DD0C7A7-6B51-48C6-8D62-E71C59A5BAA3}.Release|x64.Build.0 = Release|x64
		{6DD0C7A7-6B51-48C6-8D62-E71C59A5BAA3}.Unittest|Win32.ActiveCfg = Unittest|Win32
		{6DD0C7A7-6B51-48C6-8D62-E71C59A5BAA3}.Unittest|Win32.Build.0 = Unittest|Win32
		{6DD0C7A7-6B51-48C6-8D62-E71C59A5BAA3}.Unittest|x64.ActiveCfg = Unittest|x64
		{6DD0C7A7-6B51-48C6-8D62-E71C59A5BAA3}.Unittest|x64.Build.0 = Unittest|x64
		{EC547451-246C-4FD6-BDA0-DDED89B93886}.Debug|Win32.ActiveCfg = Debug|Win32
		{EC547451-246C-4FD6-BDA0-DDED89B93886}.Debug|Win32.Build.0 = Debug|Win32
		{EC547451-246C-4FD6-BDA0-DDED89B93886}.Debug|x64.ActiveCfg = Debug|x64
		{EC547451-246C-4FD6-BDA0-DDED89B93886}.Debug|x64.Build.0 = Debug|x64
		{EC547451-246C-4FD6-BDA0-DDED89B93886}.Release|Win32.ActiveCfg = Release|Win32
		{EC547451-246C-4FD6-BDA0-DDED89B93886}.Release|Win32.Build.0 = Release|Win32
		{EC547451-246C-4FD6-BDA0-DDED89B93886}.Release|x64.ActiveCfg = Release|x64
		{EC547451-246C-4FD6-BDA0-DDED89B93886}.Release|x64.Build.0 = Release|x64
		{EC547451-246C-4FD6-BDA0-DDED89B93886}.Unittest|Win32.ActiveCfg = Unittest|Win32
		{EC547451-246C-4FD6-BDA0-DDED89B93886}.Unittest|Win32.Build.0 = Unittest|Win32
		{EC547451-246C-4FD6-BDA0-DDED89B93886}.Unittest|x64.ActiveCfg = Unittest|x64
		{EC547451-246C-4FD6-BDA0-DDED89B93886}.Unittest|x64.Build.0 = Unittest|x64
	EndGlobalSection
	GlobalSection(SolutionProperties) = preSolution
		HideSolutionNode = FALSE
	EndGlobalSection
	GlobalSection(ExtensibilityGlobals) = postSolution
		SolutionGuid = {B93E8D51-B4D4-4BC6-B350-38F4EE8A5317}
	EndGlobalSection
EndGlobal
