<?xml version="1.0" encoding="utf-8"?>
<Project ToolsVersion="4.0" xmlns="http://schemas.microsoft.com/developer/msbuild/2003">
  <ItemGroup>
    <Filter Include="Source Files">
      <UniqueIdentifier>{79c56843-3b38-4bb9-b43d-158b54a9de7e}</UniqueIdentifier>
      <Extensions>cpp;c;cxx;rc;def;r;odl;idl;hpj;bat</Extensions>
    </Filter>
    <Filter Include="Header Files">
      <UniqueIdentifier>{6e9a9be9-badd-4bd8-9523-7c9a641680af}</UniqueIdentifier>
      <Extensions>h;hpp;hxx;hm;inl</Extensions>
    </Filter>
  </ItemGroup>
  <ItemGroup>
    <ClCompile Include="..\libroomsim\source\3D.c">
      <Filter>Source Files</Filter>
    </ClCompile>
    <ClCompile Include="..\libroomsim\source\dsp.c">
      <Filter>Source Files</Filter>
    </ClCompile>
    <ClCompile Include="..\libroomsim\source\interface.c">
      <Filter>Source Files</Filter>
    </ClCompile>
    <ClCompile Include="..\libroomsim\source\interp.c">
      <Filter>Source Files</Filter>
    </ClCompile>
    <ClCompile Include="..\libroomsim\source\rng.c">
      <Filter>Source Files</Filter>
    </ClCompile>
    <ClCompile Include="..\libroomsim\source\roomsim.c">
      <Filter>Source Files</Filter>
    </ClCompile>
    <ClCompile Include="..\libroomsim\source\sensor.c">
      <Filter>Source Files</Filter>
    </ClCompile>
    <ClCompile Include="..\libroomsim\source\setup.c">
      <Filter>Source Files</Filter>
    </ClCompile>
  </ItemGroup>
  <ItemGroup>
    <ClInclude Include="..\libroomsim\include\3D.h">
      <Filter>Header Files</Filter>
    </ClInclude>
    <ClInclude Include="..\libroomsim\include\defs.h">
      <Filter>Header Files</Filter>
    </ClInclude>
    <ClInclude Include="..\libroomsim\include\dsp.h">
      <Filter>Header Files</Filter>
    </ClInclude>
    <ClInclude Include="..\libroomsim\include\interface.h">
      <Filter>Header Files</Filter>
    </ClInclude>
    <ClInclude Include="..\libroomsim\include\interp.h">
      <Filter>Header Files</Filter>
    </ClInclude>
    <ClInclude Include="..\libroomsim\include\mem.h">
      <Filter>Header Files</Filter>
    </ClInclude>
    <ClInclude Include="..\libroomsim\include\msg.h">
      <Filter>Header Files</Filter>
    </ClInclude>
    <ClInclude Include="..\libroomsim\include\mstruct.h">
      <Filter>Header Files</Filter>
    </ClInclude>
    <ClInclude Include="..\libroomsim\include\rng.h">
      <Filter>Header Files</Filter>
    </ClInclude>
    <ClInclude Include="..\libroomsim\include\sensor.h">
      <Filter>Header Files</Filter>
    </ClInclude>
    <ClInclude Include="..\libroomsim\include\setup.h">
      <Filter>Header Files</Filter>
    </ClInclude>
    <ClInclude Include="..\libroomsim\include\types.h">
      <Filter>Header Files</Filter>
    </ClInclude>
  </ItemGroup>
</Project>