<?xml version="1.0" encoding="utf-8"?>
<Project ToolsVersion="4.0" xmlns="http://schemas.microsoft.com/developer/msbuild/2003">
  <ItemGroup>
    <Filter Include="Source Files">
      <UniqueIdentifier>{de40717f-5f80-49d0-a718-dc65f242f326}</UniqueIdentifier>
      <Extensions>*.c</Extensions>
    </Filter>
    <Filter Include="Header Files">
      <UniqueIdentifier>{99a1e64c-1c2e-4ced-8d79-dbe77d1f035b}</UniqueIdentifier>
    </Filter>
  </ItemGroup>
  <ItemGroup>
    <ClCompile Include="..\main.c">
      <Filter>Source Files</Filter>
    </ClCompile>
  </ItemGroup>
  <ItemGroup>
    <ClInclude Include="..\build.h">
      <Filter>Header Files</Filter>
    </ClInclude>
    <ClInclude Include="..\libroomsim\include\defs.h">
      <Filter>Header Files</Filter>
    </ClInclude>
    <ClInclude Include="..\libroomsim\include\dsp.h">
      <Filter>Header Files</Filter>
    </ClInclude>
    <ClInclude Include="..\libroomsim\include\interface.h">
      <Filter>Header Files</Filter>
    </ClInclude>
    <ClInclude Include="..\libroomsim\include\interp.h">
      <Filter>Header Files</Filter>
    </ClInclude>
    <ClInclude Include="..\libroomsim.h">
      <Filter>Header Files</Filter>
    </ClInclude>
    <ClInclude Include="..\libroomsim\include\msg.h">
      <Filter>Header Files</Filter>
    </ClInclude>
    <ClInclude Include="..\libroomsim\include\mstruct.h">
      <Filter>Header Files</Filter>
    </ClInclude>
    <ClInclude Include="..\libroomsim\include\setup.h">
      <Filter>Header Files</Filter>
    </ClInclude>
  </ItemGroup>
</Project>